PODS:
  - LibStaticFrameworkB (0.1.0)

DEPENDENCIES:
  - LibStaticFrameworkB (from `../`)

EXTERNAL SOURCES:
  LibStaticFrameworkB:
    :path: "../"

SPEC CHECKSUMS:
  LibStaticFrameworkB: c147aee2e939f73a4953b42136affd09db5ad5c9

PODFILE CHECKSUM: 0f0324aff34925f107a826a96416a54c3ea3a991

COCOAPODS: 1.10.0
